version = 1
requires-python = ">=3.10"
resolution-markers = [
    "python_full_version < '3.13'",
    "python_full_version >= '3.13'",
]

[[package]]
name = "anyio"
version = "4.6.2.post1"
source = { registry = "https://pypi.org/simple" }
dependencies = [
    { name = "exceptiongroup", marker = "python_full_version < '3.11'" },
    { name = "idna" },
    { name = "sniffio" },
    { name = "typing-extensions", marker = "python_full_version < '3.11'" },
]
sdist = { url = "https://files.pythonhosted.org/packages/9f/09/45b9b7a6d4e45c6bcb5bf61d19e3ab87df68e0601fa8c5293de3542546cc/anyio-4.6.2.post1.tar.gz", hash = "sha256:4c8bc31ccdb51c7f7bd251f51c609e038d63e34219b44aa86e47576389880b4c", size = 173422 }
wheels = [
    { url = "https://files.pythonhosted.org/packages/e4/f5/f2b75d2fc6f1a260f340f0e7c6a060f4dd2961cc16884ed851b0d18da06a/anyio-4.6.2.post1-py3-none-any.whl", hash = "sha256:6d170c36fba3bdd840c73d3868c1e777e33676a69c3a72cf0a0d5d6d8009b61d", size = 90377 },
]

[[package]]
name = "apscheduler"
version = "3.10.4"
source = { registry = "https://pypi.org/simple" }
dependencies = [
    { name = "pytz" },
    { name = "six" },
    { name = "tzlocal" },
]
sdist = { url = "https://files.pythonhosted.org/packages/5e/34/5dcb368cf89f93132d9a31bd3747962a9dc874480e54333b0c09fa7d56ac/APScheduler-3.10.4.tar.gz", hash = "sha256:e6df071b27d9be898e486bc7940a7be50b4af2e9da7c08f0744a96d4bd4cef4a", size = 100832 }
wheels = [
    { url = "https://files.pythonhosted.org/packages/13/b5/7af0cb920a476dccd612fbc9a21a3745fb29b1fcd74636078db8f7ba294c/APScheduler-3.10.4-py3-none-any.whl", hash = "sha256:fb91e8a768632a4756a585f79ec834e0e27aad5860bac7eaa523d9ccefd87661", size = 59303 },
]

[[package]]
name = "certifi"
version = "2024.8.30"
source = { registry = "https://pypi.org/simple" }
sdist = { url = "https://files.pythonhosted.org/packages/b0/ee/9b19140fe824b367c04c5e1b369942dd754c4c5462d5674002f75c4dedc1/certifi-2024.8.30.tar.gz", hash = "sha256:bec941d2aa8195e248a60b31ff9f0558284cf01a52591ceda73ea9afffd69fd9", size = 168507 }
wheels = [
    { url = "https://files.pythonhosted.org/packages/12/90/3c9ff0512038035f59d279fddeb79f5f1eccd8859f06d6163c58798b9487/certifi-2024.8.30-py3-none-any.whl", hash = "sha256:922820b53db7a7257ffbda3f597266d435245903d80737e34f8a45ff3e3230d8", size = 167321 },
]

[[package]]
name = "diet"
version = "0.1.0"
source = { virtual = "." }
dependencies = [
    { name = "psycopg", extra = ["binary"] },
    { name = "python-dotenv" },
    { name = "python-telegram-bot", extra = ["job-queue", "webhooks"] },
]

[package.dev-dependencies]
dev = [
    { name = "ruff" },
]

[package.metadata]
requires-dist = [
    { name = "psycopg", extras = ["binary"], specifier = ">=3.2.3" },
    { name = "python-dotenv", specifier = ">=1.0.1" },
    { name = "python-telegram-bot", extras = ["job-queue", "webhooks"], specifier = ">=21.6" },
]

[package.metadata.requires-dev]
dev = [{ name = "ruff", specifier = ">=0.7.0" }]

[[package]]
name = "exceptiongroup"
version = "1.2.2"
source = { registry = "https://pypi.org/simple" }
sdist = { url = "https://files.pythonhosted.org/packages/09/35/2495c4ac46b980e4ca1f6ad6db102322ef3ad2410b79fdde159a4b0f3b92/exceptiongroup-1.2.2.tar.gz", hash = "sha256:47c2edf7c6738fafb49fd34290706d1a1a2f4d1c6df275526b62cbb4aa5393cc", size = 28883 }
wheels = [
    { url = "https://files.pythonhosted.org/packages/02/cc/b7e31358aac6ed1ef2bb790a9746ac2c69bcb3c8588b41616914eb106eaf/exceptiongroup-1.2.2-py3-none-any.whl", hash = "sha256:3111b9d131c238bec2f8f516e123e14ba243563fb135d3fe885990585aa7795b", size = 16453 },
]

[[package]]
name = "h11"
version = "0.14.0"
source = { registry = "https://pypi.org/simple" }
sdist = { url = "https://files.pythonhosted.org/packages/f5/38/3af3d3633a34a3316095b39c8e8fb4853a28a536e55d347bd8d8e9a14b03/h11-0.14.0.tar.gz", hash = "sha256:8f19fbbe99e72420ff35c00b27a34cb9937e902a8b810e2c88300c6f0a3b699d", size = 100418 }
wheels = [
    { url = "https://files.pythonhosted.org/packages/95/04/ff642e65ad6b90db43e668d70ffb6736436c7ce41fcc549f4e9472234127/h11-0.14.0-py3-none-any.whl", hash = "sha256:e3fe4ac4b851c468cc8363d500db52c2ead036020723024a109d37346efaa761", size = 58259 },
]

[[package]]
name = "httpcore"
version = "1.0.6"
source = { registry = "https://pypi.org/simple" }
dependencies = [
    { name = "certifi" },
    { name = "h11" },
]
sdist = { url = "https://files.pythonhosted.org/packages/b6/44/ed0fa6a17845fb033bd885c03e842f08c1b9406c86a2e60ac1ae1b9206a6/httpcore-1.0.6.tar.gz", hash = "sha256:73f6dbd6eb8c21bbf7ef8efad555481853f5f6acdeaff1edb0694289269ee17f", size = 85180 }
wheels = [
    { url = "https://files.pythonhosted.org/packages/06/89/b161908e2f51be56568184aeb4a880fd287178d176fd1c860d2217f41106/httpcore-1.0.6-py3-none-any.whl", hash = "sha256:27b59625743b85577a8c0e10e55b50b5368a4f2cfe8cc7bcfa9cf00829c2682f", size = 78011 },
]

[[package]]
name = "httpx"
version = "0.27.2"
source = { registry = "https://pypi.org/simple" }
dependencies = [
    { name = "anyio" },
    { name = "certifi" },
    { name = "httpcore" },
    { name = "idna" },
    { name = "sniffio" },
]
sdist = { url = "https://files.pythonhosted.org/packages/78/82/08f8c936781f67d9e6b9eeb8a0c8b4e406136ea4c3d1f89a5db71d42e0e6/httpx-0.27.2.tar.gz", hash = "sha256:f7c2be1d2f3c3c3160d441802406b206c2b76f5947b11115e6df10c6c65e66c2", size = 144189 }
wheels = [
    { url = "https://files.pythonhosted.org/packages/56/95/9377bcb415797e44274b51d46e3249eba641711cf3348050f76ee7b15ffc/httpx-0.27.2-py3-none-any.whl", hash = "sha256:7bb2708e112d8fdd7829cd4243970f0c223274051cb35ee80c03301ee29a3df0", size = 76395 },
]

[[package]]
name = "idna"
version = "3.10"
source = { registry = "https://pypi.org/simple" }
sdist = { url = "https://files.pythonhosted.org/packages/f1/70/7703c29685631f5a7590aa73f1f1d3fa9a380e654b86af429e0934a32f7d/idna-3.10.tar.gz", hash = "sha256:12f65c9b470abda6dc35cf8e63cc574b1c52b11df2c86030af0ac09b01b13ea9", size = 190490 }
wheels = [
    { url = "https://files.pythonhosted.org/packages/76/c6/c88e154df9c4e1a2a66ccf0005a88dfb2650c1dffb6f5ce603dfbd452ce3/idna-3.10-py3-none-any.whl", hash = "sha256:946d195a0d259cbba61165e88e65941f16e9b36ea6ddb97f00452bae8b1287d3", size = 70442 },
]

[[package]]
name = "psycopg"
version = "3.2.3"
source = { registry = "https://pypi.org/simple" }
dependencies = [
    { name = "typing-extensions", marker = "python_full_version < '3.13'" },
    { name = "tzdata", marker = "sys_platform == 'win32'" },
]
sdist = { url = "https://files.pythonhosted.org/packages/d1/ad/7ce016ae63e231575df0498d2395d15f005f05e32d3a2d439038e1bd0851/psycopg-3.2.3.tar.gz", hash = "sha256:a5764f67c27bec8bfac85764d23c534af2c27b893550377e37ce59c12aac47a2", size = 155550 }
wheels = [
    { url = "https://files.pythonhosted.org/packages/ce/21/534b8f5bd9734b7a2fcd3a16b1ee82ef6cad81a4796e95ebf4e0c6a24119/psycopg-3.2.3-py3-none-any.whl", hash = "sha256:644d3973fe26908c73d4be746074f6e5224b03c1101d302d9a53bf565ad64907", size = 197934 },
]

[package.optional-dependencies]
binary = [
    { name = "psycopg-binary", marker = "implementation_name != 'pypy'" },
]

[[package]]
name = "psycopg-binary"
version = "3.2.3"
source = { registry = "https://pypi.org/simple" }
wheels = [
    { url = "https://files.pythonhosted.org/packages/64/1c/1fc9d53844c15059b98b27d7037a8af87e43832e367c88c8ee43b8bb650f/psycopg_binary-3.2.3-cp310-cp310-macosx_12_0_x86_64.whl", hash = "sha256:965455eac8547f32b3181d5ec9ad8b9be500c10fe06193543efaaebe3e4ce70c", size = 3383146 },
    { url = "https://files.pythonhosted.org/packages/fb/80/0d0eca43756578738a14f747b3d27e8e22ba468765071eaf61cd517c52a3/psycopg_binary-3.2.3-cp310-cp310-macosx_14_0_arm64.whl", hash = "sha256:71adcc8bc80a65b776510bc39992edf942ace35b153ed7a9c6c573a6849ce308", size = 3504185 },
    { url = "https://files.pythonhosted.org/packages/7c/02/1db86752a2a663cf59d410374e9aced220d1a883a64b7256ed1171685a27/psycopg_binary-3.2.3-cp310-cp310-manylinux_2_17_aarch64.manylinux2014_aarch64.whl", hash = "sha256:f73adc05452fb85e7a12ed3f69c81540a8875960739082e6ea5e28c373a30774", size = 4469268 },
    { url = "https://files.pythonhosted.org/packages/59/04/b8cbc84f494247fa887dcc5cba15f99d261dc44b94fbb10fdaa44c4d6dac/psycopg_binary-3.2.3-cp310-cp310-manylinux_2_17_i686.manylinux2014_i686.whl", hash = "sha256:e8630943143c6d6ca9aefc88bbe5e76c90553f4e1a3b2dc339e67dc34aa86f7e", size = 4270625 },
    { url = "https://files.pythonhosted.org/packages/74/94/851a58aeab1e2aa30a564133f84229242b2fc774eabb3fc5c164b2423dcd/psycopg_binary-3.2.3-cp310-cp310-manylinux_2_17_ppc64le.manylinux2014_ppc64le.whl", hash = "sha256:3bffb61e198a91f712cc3d7f2d176a697cb05b284b2ad150fb8edb308eba9002", size = 4515573 },
    { url = "https://files.pythonhosted.org/packages/5a/95/e3e600687e59df7d5214e81d9aa2d324f2c5dece32068d66b03a4fd6edf6/psycopg_binary-3.2.3-cp310-cp310-manylinux_2_17_x86_64.manylinux2014_x86_64.whl", hash = "sha256:dc4fa2240c9fceddaa815a58f29212826fafe43ce80ff666d38c4a03fb036955", size = 4214078 },
    { url = "https://files.pythonhosted.org/packages/2e/1e/4b50e1a2c35a7ee1fc65f8a5fed36026c16b05c9549dc4247914dfbfa2f5/psycopg_binary-3.2.3-cp310-cp310-musllinux_1_2_aarch64.whl", hash = "sha256:192a5f8496e6e1243fdd9ac20e117e667c0712f148c5f9343483b84435854c78", size = 3139319 },
    { url = "https://files.pythonhosted.org/packages/a0/bb/fc88304a7b759d87ad79f538f1b605c23802f36963d207b6e8e9062a57bd/psycopg_binary-3.2.3-cp310-cp310-musllinux_1_2_i686.whl", hash = "sha256:64dc6e9ec64f592f19dc01a784e87267a64a743d34f68488924251253da3c818", size = 3118977 },
    { url = "https://files.pythonhosted.org/packages/92/19/88e14b615291b472b616bb3078206eac63dd6cb806c79b12119b7c39e519/psycopg_binary-3.2.3-cp310-cp310-musllinux_1_2_ppc64le.whl", hash = "sha256:79498df398970abcee3d326edd1d4655de7d77aa9aecd578154f8af35ce7bbd2", size = 3224533 },
    { url = "https://files.pythonhosted.org/packages/98/cd/6cedff641f1ffb7008b6c511233814d2934df8caf2ec93c50412c37e5f91/psycopg_binary-3.2.3-cp310-cp310-musllinux_1_2_x86_64.whl", hash = "sha256:949551752930d5e478817e0b49956350d866b26578ced0042a61967e3fcccdea", size = 3258089 },
    { url = "https://files.pythonhosted.org/packages/31/2c/8059fbcd513d4b7c9e25dd93c438ab174e8ce389b85d8432b4ce3c0e8958/psycopg_binary-3.2.3-cp310-cp310-win_amd64.whl", hash = "sha256:80a2337e2dfb26950894c8301358961430a0304f7bfe729d34cc036474e9c9b1", size = 2921689 },
    { url = "https://files.pythonhosted.org/packages/3d/78/8e8b4063b5cd1cc91cc100fc3e9296b96f52c9a709750b24ade6cfa8021b/psycopg_binary-3.2.3-cp311-cp311-macosx_12_0_x86_64.whl", hash = "sha256:6d8f2144e0d5808c2e2aed40fbebe13869cd00c2ae745aca4b3b16a435edb056", size = 3391535 },
    { url = "https://files.pythonhosted.org/packages/36/7f/04eed0c415d158a0fb1c196957b9c7faec43c7b50d20db05c62e5bd22c93/psycopg_binary-3.2.3-cp311-cp311-macosx_14_0_arm64.whl", hash = "sha256:94253be2b57ef2fea7ffe08996067aabf56a1eb9648342c9e3bad9e10c46e045", size = 3509175 },
    { url = "https://files.pythonhosted.org/packages/0d/91/042fe504220a6e1a423e6a26d24f198da976b9cce11bc9ab7e9415bac08f/psycopg_binary-3.2.3-cp311-cp311-manylinux_2_17_aarch64.manylinux2014_aarch64.whl", hash = "sha256:fda0162b0dbfa5eaed6cdc708179fa27e148cb8490c7d62e5cf30713909658ea", size = 4465647 },
    { url = "https://files.pythonhosted.org/packages/35/7c/4cf02ee263431b306453b7b086ec8e91dcbd5008382d711e82afa829f73e/psycopg_binary-3.2.3-cp311-cp311-manylinux_2_17_i686.manylinux2014_i686.whl", hash = "sha256:2c0419cdad8c70eaeb3116bb28e7b42d546f91baf5179d7556f230d40942dc78", size = 4267051 },
    { url = "https://files.pythonhosted.org/packages/f5/9b/cea713d8d75621481ece2dfc7edae6e4f05dfbcaab28fac0dbff9b96fc3a/psycopg_binary-3.2.3-cp311-cp311-manylinux_2_17_ppc64le.manylinux2014_ppc64le.whl", hash = "sha256:74fbf5dd3ef09beafd3557631e282f00f8af4e7a78fbfce8ab06d9cd5a789aae", size = 4517398 },
    { url = "https://files.pythonhosted.org/packages/56/65/cd4165c45359f4117147b861c16c7b85afbd93cc9efac6116b13f62bc725/psycopg_binary-3.2.3-cp311-cp311-manylinux_2_17_x86_64.manylinux2014_x86_64.whl", hash = "sha256:7d784f614e4d53050cbe8abf2ae9d1aaacf8ed31ce57b42ce3bf2a48a66c3a5c", size = 4210644 },
    { url = "https://files.pythonhosted.org/packages/f3/80/14e7bf67613c4344e74fe6ac5c9876a7acb4ddc15e5455c54e24cdc087f8/psycopg_binary-3.2.3-cp311-cp311-musllinux_1_2_aarch64.whl", hash = "sha256:4e76ce2475ed4885fe13b8254058be710ec0de74ebd8ef8224cf44a9a3358e5f", size = 3138032 },
    { url = "https://files.pythonhosted.org/packages/7e/81/e18c36de78e0f7a491a754dc74c1bb6b16469d8c240b2add1e856801d567/psycopg_binary-3.2.3-cp311-cp311-musllinux_1_2_i686.whl", hash = "sha256:5938b257b04c851c2d1e6cb2f8c18318f06017f35be9a5fe761ee1e2e344dfb7", size = 3114329 },
    { url = "https://files.pythonhosted.org/packages/48/39/07b0bf8355cb535ccdd58261a18fb6e786e175492363f5255b446fff6427/psycopg_binary-3.2.3-cp311-cp311-musllinux_1_2_ppc64le.whl", hash = "sha256:257c4aea6f70a9aef39b2a77d0658a41bf05c243e2bf41895eb02220ac6306f3", size = 3219579 },
    { url = "https://files.pythonhosted.org/packages/64/ea/92c700989b5bdeb8e8e59732191547e32da732692d6c016830c82f9b4ac7/psycopg_binary-3.2.3-cp311-cp311-musllinux_1_2_x86_64.whl", hash = "sha256:06b5cc915e57621eebf2393f4173793ed7e3387295f07fed93ed3fb6a6ccf585", size = 3257145 },
    { url = "https://files.pythonhosted.org/packages/84/49/39f0875fd32a6d77cd22b44887df39eb470039b389c388cee4ba75c0bda7/psycopg_binary-3.2.3-cp311-cp311-win_amd64.whl", hash = "sha256:09baa041856b35598d335b1a74e19a49da8500acedf78164600694c0ba8ce21b", size = 2924948 },
    { url = "https://files.pythonhosted.org/packages/55/6b/9805a5c743c1d54dcd035bd5c069202fde21b4cf69857ca40c2a55e69f8c/psycopg_binary-3.2.3-cp312-cp312-macosx_12_0_x86_64.whl", hash = "sha256:48f8ca6ee8939bab760225b2ab82934d54330eec10afe4394a92d3f2a0c37dd6", size = 3363376 },
    { url = "https://files.pythonhosted.org/packages/a8/82/45ac156b20e08e8f556a323c9568a011c71cf6e734e49667a398719ce0e4/psycopg_binary-3.2.3-cp312-cp312-macosx_14_0_arm64.whl", hash = "sha256:5361ea13c241d4f0ec3f95e0bf976c15e2e451e9cc7ef2e5ccfc9d170b197a40", size = 3506449 },
    { url = "https://files.pythonhosted.org/packages/e4/be/760cef50e1adfbc87dab2b05b30f544d7297040cce495835df9016556517/psycopg_binary-3.2.3-cp312-cp312-manylinux_2_17_aarch64.manylinux2014_aarch64.whl", hash = "sha256:cb987f14af7da7c24f803111dbc7392f5070fd350146af3345103f76ea82e339", size = 4445757 },
    { url = "https://files.pythonhosted.org/packages/b4/9c/bae6a9c6949aac577cc93f58705f649b50c62827038903bd75ff8956e63e/psycopg_binary-3.2.3-cp312-cp312-manylinux_2_17_i686.manylinux2014_i686.whl", hash = "sha256:0463a11b1cace5a6aeffaf167920707b912b8986a9c7920341c75e3686277920", size = 4248376 },
    { url = "https://files.pythonhosted.org/packages/e5/0e/9db06ef94e4a156f3ed06043ee4f370e21866b0e3b7959691c8c4abfb698/psycopg_binary-3.2.3-cp312-cp312-manylinux_2_17_ppc64le.manylinux2014_ppc64le.whl", hash = "sha256:8b7be9a6c06518967b641fb15032b1ed682fd3b0443f64078899c61034a0bca6", size = 4487765 },
    { url = "https://files.pythonhosted.org/packages/9f/5f/8afc32b60ee8bc5c4af51e7cf6c42d93a989a09609524d0a393106e300cd/psycopg_binary-3.2.3-cp312-cp312-manylinux_2_17_x86_64.manylinux2014_x86_64.whl", hash = "sha256:64a607e630d9f4b2797f641884e52b9f8e239d35943f51bef817a384ec1678fe", size = 4188374 },
    { url = "https://files.pythonhosted.org/packages/ed/5d/210cb75aff0296dc5c09bcf67babf8679905412d7a11357b983f0d877360/psycopg_binary-3.2.3-cp312-cp312-musllinux_1_2_aarch64.whl", hash = "sha256:fa33ead69ed133210d96af0c63448b1385df48b9c0247eda735c5896b9e6dbbf", size = 3113180 },
    { url = "https://files.pythonhosted.org/packages/40/ec/46b1a5cdb2fe995b8ec0376f0695003e97fed9ac077e090a3165ea15f735/psycopg_binary-3.2.3-cp312-cp312-musllinux_1_2_i686.whl", hash = "sha256:1f8b0d0e99d8e19923e6e07379fa00570be5182c201a8c0b5aaa9a4d4a4ea20b", size = 3099455 },
    { url = "https://files.pythonhosted.org/packages/11/68/eaf85b3421b3f01b638dd6b16f4e9bc8de42eb1d000da62964fb29f8c823/psycopg_binary-3.2.3-cp312-cp312-musllinux_1_2_ppc64le.whl", hash = "sha256:709447bd7203b0b2debab1acec23123eb80b386f6c29e7604a5d4326a11e5bd6", size = 3189977 },
    { url = "https://files.pythonhosted.org/packages/83/5a/cf94c3ba87ea6c8331aa0aba36a18a837a3231764457780661968804673e/psycopg_binary-3.2.3-cp312-cp312-musllinux_1_2_x86_64.whl", hash = "sha256:5e37d5027e297a627da3551a1e962316d0f88ee4ada74c768f6c9234e26346d9", size = 3232263 },
    { url = "https://files.pythonhosted.org/packages/0e/3a/9d912b16059e87b04e3eb4fca457f079d78d6468f627d5622fbda80e9378/psycopg_binary-3.2.3-cp312-cp312-win_amd64.whl", hash = "sha256:261f0031ee6074765096a19b27ed0f75498a8338c3dcd7f4f0d831e38adf12d1", size = 2912530 },
    { url = "https://files.pythonhosted.org/packages/c6/bf/717c5e51c68e2498b60a6e9f1476cc47953013275a54bf8e23fd5082a72d/psycopg_binary-3.2.3-cp313-cp313-macosx_12_0_x86_64.whl", hash = "sha256:41fdec0182efac66b27478ac15ef54c9ebcecf0e26ed467eb7d6f262a913318b", size = 3360874 },
    { url = "https://files.pythonhosted.org/packages/31/d5/6f9ad6fe5ef80ca9172bc3d028ebae8e9a1ee8aebd917c95c747a5efd85f/psycopg_binary-3.2.3-cp313-cp313-macosx_14_0_arm64.whl", hash = "sha256:07d019a786eb020c0f984691aa1b994cb79430061065a694cf6f94056c603d26", size = 3502320 },
    { url = "https://files.pythonhosted.org/packages/fb/7b/c58dd26c27fe7a491141ca765c103e702872ff1c174ebd669d73d7fb0b5d/psycopg_binary-3.2.3-cp313-cp313-manylinux_2_17_aarch64.manylinux2014_aarch64.whl", hash = "sha256:4c57615791a337378fe5381143259a6c432cdcbb1d3e6428bfb7ce59fff3fb5c", size = 4446950 },
    { url = "https://files.pythonhosted.org/packages/ed/75/acf6a81c788007b7bc0a43b02c22eff7cb19a6ace9e84c32838e86083a3f/psycopg_binary-3.2.3-cp313-cp313-manylinux_2_17_i686.manylinux2014_i686.whl", hash = "sha256:e8eb9a4e394926b93ad919cad1b0a918e9b4c846609e8c1cfb6b743683f64da0", size = 4252409 },
    { url = "https://files.pythonhosted.org/packages/83/a5/8a01b923fe42acd185d53f24fb98ead717725ede76a4cd183ff293daf1f1/psycopg_binary-3.2.3-cp313-cp313-manylinux_2_17_ppc64le.manylinux2014_ppc64le.whl", hash = "sha256:5905729668ef1418bd36fbe876322dcb0f90b46811bba96d505af89e6fbdce2f", size = 4488121 },
    { url = "https://files.pythonhosted.org/packages/14/8f/b00e65e204340ab1259ecc8d4cc4c1f72c386be5ca7bfb90ae898a058d68/psycopg_binary-3.2.3-cp313-cp313-manylinux_2_17_x86_64.manylinux2014_x86_64.whl", hash = "sha256:fd65774ed7d65101b314808b6893e1a75b7664f680c3ef18d2e5c84d570fa393", size = 4190653 },
    { url = "https://files.pythonhosted.org/packages/ce/fc/ba830fc6c9b02b66d1e2fb420736df4d78369760144169a9046f04d72ac6/psycopg_binary-3.2.3-cp313-cp313-musllinux_1_2_aarch64.whl", hash = "sha256:700679c02f9348a0d0a2adcd33a0275717cd0d0aee9d4482b47d935023629505", size = 3118074 },
    { url = "https://files.pythonhosted.org/packages/b8/75/b62d06930a615435e909e05de126aa3d49f6ec2993d1aa6a99e7faab5570/psycopg_binary-3.2.3-cp313-cp313-musllinux_1_2_i686.whl", hash = "sha256:96334bb64d054e36fed346c50c4190bad9d7c586376204f50bede21a913bf942", size = 3100457 },
    { url = "https://files.pythonhosted.org/packages/57/e5/32dc7518325d0010813853a87b19c784d8b11fdb17f5c0e0c148c5ac77af/psycopg_binary-3.2.3-cp313-cp313-musllinux_1_2_ppc64le.whl", hash = "sha256:9099e443d4cc24ac6872e6a05f93205ba1a231b1a8917317b07c9ef2b955f1f4", size = 3192788 },
    { url = "https://files.pythonhosted.org/packages/23/a3/d1aa04329253c024a2323051774446770d47b43073874a3de8cca797ed8e/psycopg_binary-3.2.3-cp313-cp313-musllinux_1_2_x86_64.whl", hash = "sha256:1985ab05e9abebfbdf3163a16ebb37fbc5d49aff2bf5b3d7375ff0920bbb54cd", size = 3234247 },
    { url = "https://files.pythonhosted.org/packages/03/20/b675af723b9a61d48abd6a3d64cbb9797697d330255d1f8105713d54ed8e/psycopg_binary-3.2.3-cp313-cp313-win_amd64.whl", hash = "sha256:e90352d7b610b4693fad0feea48549d4315d10f1eba5605421c92bb834e90170", size = 2913413 },
]

[[package]]
name = "python-dotenv"
version = "1.0.1"
source = { registry = "https://pypi.org/simple" }
sdist = { url = "https://files.pythonhosted.org/packages/bc/57/e84d88dfe0aec03b7a2d4327012c1627ab5f03652216c63d49846d7a6c58/python-dotenv-1.0.1.tar.gz", hash = "sha256:e324ee90a023d808f1959c46bcbc04446a10ced277783dc6ee09987c37ec10ca", size = 39115 }
wheels = [
    { url = "https://files.pythonhosted.org/packages/6a/3e/b68c118422ec867fa7ab88444e1274aa40681c606d59ac27de5a5588f082/python_dotenv-1.0.1-py3-none-any.whl", hash = "sha256:f7b63ef50f1b690dddf550d03497b66d609393b40b564ed0d674909a68ebf16a", size = 19863 },
]

[[package]]
name = "python-telegram-bot"
version = "21.7"
source = { registry = "https://pypi.org/simple" }
dependencies = [
    { name = "httpx" },
]
sdist = { url = "https://files.pythonhosted.org/packages/76/fc/1be42f26f817c563fea54b202e145f488177f835ab1ddcbb5c6cc56ec61e/python_telegram_bot-21.7.tar.gz", hash = "sha256:bc8537b77ae02531fc2ad440caafc023fd13f13cf19e592dfa1a9ff84988a012", size = 431129 }
wheels = [
    { url = "https://files.pythonhosted.org/packages/c9/ac/6ae9b8e8d9c13fdb93a2b110c64abc7f86a17db8a30a2b334d84f6193d5b/python_telegram_bot-21.7-py3-none-any.whl", hash = "sha256:aff1d7245f1b0d4d12d41c9acff74e86d7100713c2204cd02ff17f8d80d18846", size = 654927 },
]

[package.optional-dependencies]
job-queue = [
    { name = "apscheduler" },
    { name = "pytz" },
]
webhooks = [
    { name = "tornado" },
]

[[package]]
name = "pytz"
version = "2024.2"
source = { registry = "https://pypi.org/simple" }
sdist = { url = "https://files.pythonhosted.org/packages/3a/31/3c70bf7603cc2dca0f19bdc53b4537a797747a58875b552c8c413d963a3f/pytz-2024.2.tar.gz", hash = "sha256:2aa355083c50a0f93fa581709deac0c9ad65cca8a9e9beac660adcbd493c798a", size = 319692 }
wheels = [
    { url = "https://files.pythonhosted.org/packages/11/c3/005fcca25ce078d2cc29fd559379817424e94885510568bc1bc53d7d5846/pytz-2024.2-py2.py3-none-any.whl", hash = "sha256:31c7c1817eb7fae7ca4b8c7ee50c72f93aa2dd863de768e1ef4245d426aa0725", size = 508002 },
]

[[package]]
name = "ruff"
version = "0.7.3"
source = { registry = "https://pypi.org/simple" }
sdist = { url = "https://files.pythonhosted.org/packages/4b/06/09d1276df977eece383d0ed66052fc24ec4550a61f8fbc0a11200e690496/ruff-0.7.3.tar.gz", hash = "sha256:e1d1ba2e40b6e71a61b063354d04be669ab0d39c352461f3d789cac68b54a313", size = 3243664 }
wheels = [
    { url = "https://files.pythonhosted.org/packages/c0/56/933d433c2489e4642487b835f53dd9ff015fb3d8fa459b09bb2ce42d7c4b/ruff-0.7.3-py3-none-linux_armv6l.whl", hash = "sha256:34f2339dc22687ec7e7002792d1f50712bf84a13d5152e75712ac08be565d344", size = 10372090 },
    { url = "https://files.pythonhosted.org/packages/20/ea/1f0a22a6bcdd3fc26c73f63a025d05bd565901b729d56bcb093c722a6c4c/ruff-0.7.3-py3-none-macosx_10_12_x86_64.whl", hash = "sha256:fb397332a1879b9764a3455a0bb1087bda876c2db8aca3a3cbb67b3dbce8cda0", size = 10190037 },
    { url = "https://files.pythonhosted.org/packages/16/74/aca75666e0d481fe394e76a8647c44ea919087748024924baa1a17371e3e/ruff-0.7.3-py3-none-macosx_11_0_arm64.whl", hash = "sha256:37d0b619546103274e7f62643d14e1adcbccb242efda4e4bdb9544d7764782e9", size = 9811998 },
    { url = "https://files.pythonhosted.org/packages/20/a1/cf446a0d7f78ea1f0bd2b9171c11dfe746585c0c4a734b25966121eb4f5d/ruff-0.7.3-py3-none-manylinux_2_17_aarch64.manylinux2014_aarch64.whl", hash = "sha256:5d59f0c3ee4d1a6787614e7135b72e21024875266101142a09a61439cb6e38a5", size = 10620626 },
    { url = "https://files.pythonhosted.org/packages/cd/c1/82b27d09286ae855f5d03b1ad37cf243f21eb0081732d4d7b0d658d439cb/ruff-0.7.3-py3-none-manylinux_2_17_armv7l.manylinux2014_armv7l.whl", hash = "sha256:44eb93c2499a169d49fafd07bc62ac89b1bc800b197e50ff4633aed212569299", size = 10177598 },
    { url = "https://files.pythonhosted.org/packages/b9/42/c0acac22753bf74013d035a5ef6c5c4c40ad4d6686bfb3fda7c6f37d9b37/ruff-0.7.3-py3-none-manylinux_2_17_i686.manylinux2014_i686.whl", hash = "sha256:6d0242ce53f3a576c35ee32d907475a8d569944c0407f91d207c8af5be5dae4e", size = 11171963 },
    { url = "https://files.pythonhosted.org/packages/43/18/bb0befb7fb9121dd9009e6a72eb98e24f1bacb07c6f3ecb55f032ba98aed/ruff-0.7.3-py3-none-manylinux_2_17_ppc64.manylinux2014_ppc64.whl", hash = "sha256:6b6224af8b5e09772c2ecb8dc9f3f344c1aa48201c7f07e7315367f6dd90ac29", size = 11856157 },
    { url = "https://files.pythonhosted.org/packages/5e/91/04e98d7d6e32eca9d1372be595f9abc7b7f048795e32eb2edbd8794d50bd/ruff-0.7.3-py3-none-manylinux_2_17_ppc64le.manylinux2014_ppc64le.whl", hash = "sha256:c50f95a82b94421c964fae4c27c0242890a20fe67d203d127e84fbb8013855f5", size = 11440331 },
    { url = "https://files.pythonhosted.org/packages/f5/dc/3fe99f2ce10b76d389041a1b9f99e7066332e479435d4bebcceea16caff5/ruff-0.7.3-py3-none-manylinux_2_17_s390x.manylinux2014_s390x.whl", hash = "sha256:7f3eff9961b5d2644bcf1616c606e93baa2d6b349e8aa8b035f654df252c8c67", size = 12725354 },
    { url = "https://files.pythonhosted.org/packages/43/7b/1daa712de1c5bc6cbbf9fa60e9c41cc48cda962dc6d2c4f2a224d2c3007e/ruff-0.7.3-py3-none-manylinux_2_17_x86_64.manylinux2014_x86_64.whl", hash = "sha256:b8963cab06d130c4df2fd52c84e9f10d297826d2e8169ae0c798b6221be1d1d2", size = 11010091 },
    { url = "https://files.pythonhosted.org/packages/b6/db/1227a903587432eb569e57a95b15a4f191a71fe315cde4c0312df7bc85da/ruff-0.7.3-py3-none-musllinux_1_2_aarch64.whl", hash = "sha256:61b46049d6edc0e4317fb14b33bd693245281a3007288b68a3f5b74a22a0746d", size = 10610687 },
    { url = "https://files.pythonhosted.org/packages/db/e2/dc41ee90c3085aadad4da614d310d834f641aaafddf3dfbba08210c616ce/ruff-0.7.3-py3-none-musllinux_1_2_armv7l.whl", hash = "sha256:10ebce7696afe4644e8c1a23b3cf8c0f2193a310c18387c06e583ae9ef284de2", size = 10254843 },
    { url = "https://files.pythonhosted.org/packages/6f/09/5f6cac1c91542bc5bd33d40b4c13b637bf64d7bb29e091dadb01b62527fe/ruff-0.7.3-py3-none-musllinux_1_2_i686.whl", hash = "sha256:3f36d56326b3aef8eeee150b700e519880d1aab92f471eefdef656fd57492aa2", size = 10730962 },
    { url = "https://files.pythonhosted.org/packages/d3/42/89a4b9a24ef7d00269e24086c417a006f9a3ffeac2c80f2629eb5ce140ee/ruff-0.7.3-py3-none-musllinux_1_2_x86_64.whl", hash = "sha256:5d024301109a0007b78d57ab0ba190087b43dce852e552734ebf0b0b85e4fb16", size = 11101907 },
    { url = "https://files.pythonhosted.org/packages/b0/5c/efdb4777686683a8edce94ffd812783bddcd3d2454d38c5ac193fef7c500/ruff-0.7.3-py3-none-win32.whl", hash = "sha256:4ba81a5f0c5478aa61674c5a2194de8b02652f17addf8dfc40c8937e6e7d79fc", size = 8611095 },
    { url = "https://files.pythonhosted.org/packages/bb/b8/28fbc6a4efa50178f973972d1c84b2d0a33cdc731588522ab751ac3da2f5/ruff-0.7.3-py3-none-win_amd64.whl", hash = "sha256:588a9ff2fecf01025ed065fe28809cd5a53b43505f48b69a1ac7707b1b7e4088", size = 9418283 },
    { url = "https://files.pythonhosted.org/packages/3f/77/b587cba6febd5e2003374f37eb89633f79f161e71084f94057c8653b7fb3/ruff-0.7.3-py3-none-win_arm64.whl", hash = "sha256:1713e2c5545863cdbfe2cbce21f69ffaf37b813bfd1fb3b90dc9a6f1963f5a8c", size = 8725228 },
]

[[package]]
name = "six"
version = "1.16.0"
source = { registry = "https://pypi.org/simple" }
sdist = { url = "https://files.pythonhosted.org/packages/71/39/171f1c67cd00715f190ba0b100d606d440a28c93c7714febeca8b79af85e/six-1.16.0.tar.gz", hash = "sha256:1e61c37477a1626458e36f7b1d82aa5c9b094fa4802892072e49de9c60c4c926", size = 34041 }
wheels = [
    { url = "https://files.pythonhosted.org/packages/d9/5a/e7c31adbe875f2abbb91bd84cf2dc52d792b5a01506781dbcf25c91daf11/six-1.16.0-py2.py3-none-any.whl", hash = "sha256:8abb2f1d86890a2dfb989f9a77cfcfd3e47c2a354b01111771326f8aa26e0254", size = 11053 },
]

[[package]]
name = "sniffio"
version = "1.3.1"
source = { registry = "https://pypi.org/simple" }
sdist = { url = "https://files.pythonhosted.org/packages/a2/87/a6771e1546d97e7e041b6ae58d80074f81b7d5121207425c964ddf5cfdbd/sniffio-1.3.1.tar.gz", hash = "sha256:f4324edc670a0f49750a81b895f35c3adb843cca46f0530f79fc1babb23789dc", size = 20372 }
wheels = [
    { url = "https://files.pythonhosted.org/packages/e9/44/75a9c9421471a6c4805dbf2356f7c181a29c1879239abab1ea2cc8f38b40/sniffio-1.3.1-py3-none-any.whl", hash = "sha256:2f6da418d1f1e0fddd844478f41680e794e6051915791a034ff65e5f100525a2", size = 10235 },
]

[[package]]
name = "tornado"
version = "6.4.1"
source = { registry = "https://pypi.org/simple" }
sdist = { url = "https://files.pythonhosted.org/packages/ee/66/398ac7167f1c7835406888a386f6d0d26ee5dbf197d8a571300be57662d3/tornado-6.4.1.tar.gz", hash = "sha256:92d3ab53183d8c50f8204a51e6f91d18a15d5ef261e84d452800d4ff6fc504e9", size = 500623 }
wheels = [
    { url = "https://files.pythonhosted.org/packages/00/d9/c33be3c1a7564f7d42d87a8d186371a75fd142097076767a5c27da941fef/tornado-6.4.1-cp38-abi3-macosx_10_9_universal2.whl", hash = "sha256:163b0aafc8e23d8cdc3c9dfb24c5368af84a81e3364745ccb4427669bf84aec8", size = 435924 },
    { url = "https://files.pythonhosted.org/packages/2e/0f/721e113a2fac2f1d7d124b3279a1da4c77622e104084f56119875019ffab/tornado-6.4.1-cp38-abi3-macosx_10_9_x86_64.whl", hash = "sha256:6d5ce3437e18a2b66fbadb183c1d3364fb03f2be71299e7d10dbeeb69f4b2a14", size = 433883 },
    { url = "https://files.pythonhosted.org/packages/13/cf/786b8f1e6fe1c7c675e79657448178ad65e41c1c9765ef82e7f6f765c4c5/tornado-6.4.1-cp38-abi3-manylinux_2_17_aarch64.manylinux2014_aarch64.whl", hash = "sha256:e2e20b9113cd7293f164dc46fffb13535266e713cdb87bd2d15ddb336e96cfc4", size = 437224 },
    { url = "https://files.pythonhosted.org/packages/e4/8e/a6ce4b8d5935558828b0f30f3afcb2d980566718837b3365d98e34f6067e/tornado-6.4.1-cp38-abi3-manylinux_2_5_i686.manylinux1_i686.manylinux_2_17_i686.manylinux2014_i686.whl", hash = "sha256:8ae50a504a740365267b2a8d1a90c9fbc86b780a39170feca9bcc1787ff80842", size = 436597 },
    { url = "https://files.pythonhosted.org/packages/22/d4/54f9d12668b58336bd30defe0307e6c61589a3e687b05c366f804b7faaf0/tornado-6.4.1-cp38-abi3-manylinux_2_5_x86_64.manylinux1_x86_64.manylinux_2_17_x86_64.manylinux2014_x86_64.whl", hash = "sha256:613bf4ddf5c7a95509218b149b555621497a6cc0d46ac341b30bd9ec19eac7f3", size = 436797 },
    { url = "https://files.pythonhosted.org/packages/cf/3f/2c792e7afa7dd8b24fad7a2ed3c2f24a5ec5110c7b43a64cb6095cc106b8/tornado-6.4.1-cp38-abi3-musllinux_1_2_aarch64.whl", hash = "sha256:25486eb223babe3eed4b8aecbac33b37e3dd6d776bc730ca14e1bf93888b979f", size = 437516 },
    { url = "https://files.pythonhosted.org/packages/71/63/c8fc62745e669ac9009044b889fc531b6f88ac0f5f183cac79eaa950bb23/tornado-6.4.1-cp38-abi3-musllinux_1_2_i686.whl", hash = "sha256:454db8a7ecfcf2ff6042dde58404164d969b6f5d58b926da15e6b23817950fc4", size = 436958 },
    { url = "https://files.pythonhosted.org/packages/94/d4/f8ac1f5bd22c15fad3b527e025ce219bd526acdbd903f52053df2baecc8b/tornado-6.4.1-cp38-abi3-musllinux_1_2_x86_64.whl", hash = "sha256:a02a08cc7a9314b006f653ce40483b9b3c12cda222d6a46d4ac63bb6c9057698", size = 436882 },
    { url = "https://files.pythonhosted.org/packages/4b/3e/a8124c21cc0bbf144d7903d2a0cadab15cadaf683fa39a0f92bc567f0d4d/tornado-6.4.1-cp38-abi3-win32.whl", hash = "sha256:d9a566c40b89757c9aa8e6f032bcdb8ca8795d7c1a9762910c722b1635c9de4d", size = 438092 },
    { url = "https://files.pythonhosted.org/packages/d9/2f/3f2f05e84a7aff787a96d5fb06821323feb370fe0baed4db6ea7b1088f32/tornado-6.4.1-cp38-abi3-win_amd64.whl", hash = "sha256:b24b8982ed444378d7f21d563f4180a2de31ced9d8d84443907a0a64da2072e7", size = 438532 },
]

[[package]]
name = "typing-extensions"
version = "4.12.2"
source = { registry = "https://pypi.org/simple" }
sdist = { url = "https://files.pythonhosted.org/packages/df/db/f35a00659bc03fec321ba8bce9420de607a1d37f8342eee1863174c69557/typing_extensions-4.12.2.tar.gz", hash = "sha256:1a7ead55c7e559dd4dee8856e3a88b41225abfe1ce8df57b7c13915fe121ffb8", size = 85321 }
wheels = [
    { url = "https://files.pythonhosted.org/packages/26/9f/ad63fc0248c5379346306f8668cda6e2e2e9c95e01216d2b8ffd9ff037d0/typing_extensions-4.12.2-py3-none-any.whl", hash = "sha256:04e5ca0351e0f3f85c6853954072df659d0d13fac324d0072316b67d7794700d", size = 37438 },
]

[[package]]
name = "tzdata"
version = "2024.2"
source = { registry = "https://pypi.org/simple" }
sdist = { url = "https://files.pythonhosted.org/packages/e1/34/943888654477a574a86a98e9896bae89c7aa15078ec29f490fef2f1e5384/tzdata-2024.2.tar.gz", hash = "sha256:7d85cc416e9382e69095b7bdf4afd9e3880418a2413feec7069d533d6b4e31cc", size = 193282 }
wheels = [
    { url = "https://files.pythonhosted.org/packages/a6/ab/7e5f53c3b9d14972843a647d8d7a853969a58aecc7559cb3267302c94774/tzdata-2024.2-py2.py3-none-any.whl", hash = "sha256:a48093786cdcde33cad18c2555e8532f34422074448fbc874186f0abd79565cd", size = 346586 },
]

[[package]]
name = "tzlocal"
version = "5.2"
source = { registry = "https://pypi.org/simple" }
dependencies = [
    { name = "tzdata", marker = "platform_system == 'Windows'" },
]
sdist = { url = "https://files.pythonhosted.org/packages/04/d3/c19d65ae67636fe63953b20c2e4a8ced4497ea232c43ff8d01db16de8dc0/tzlocal-5.2.tar.gz", hash = "sha256:8d399205578f1a9342816409cc1e46a93ebd5755e39ea2d85334bea911bf0e6e", size = 30201 }
wheels = [
    { url = "https://files.pythonhosted.org/packages/97/3f/c4c51c55ff8487f2e6d0e618dba917e3c3ee2caae6cf0fbb59c9b1876f2e/tzlocal-5.2-py3-none-any.whl", hash = "sha256:49816ef2fe65ea8ac19d19aa7a1ae0551c834303d5014c6d5a62e4cbda8047b8", size = 17859 },
]
